
Microsoft Visual Studio Solution File, Format Version 12.00
# Visual Studio Version 16
VisualStudioVersion = 16.0.31702.278
MinimumVisualStudioVersion = 10.0.40219.1
Project("{FAE04EC0-301F-11D3-BF4B-00C04F79EFBC}") = "FlightInfo", "FlightInfo.csproj", "{5AE388B1-7231-4333-8EB7-2D755FDD698A}"
EndProject
Global
	GlobalSection(SolutionConfigurationPlatforms) = preSolution
		Debug|Any CPU = Debug|Any CPU
		Release|Any CPU = Release|Any CPU
	EndGlobalSection
	GlobalSection(ProjectConfigurationPlatforms) = postSolution
		{5AE388B1-7231-4333-8EB7-2D755FDD698A}.Debug|Any CPU.ActiveCfg = Debug|Any CPU
		{5AE388B1-7231-4333-8EB7-2D755FDD698A}.Debug|Any CPU.Build.0 = Debug|Any CPU
		{5AE388B1-7231-4333-8EB7-2D755FDD698A}.Release|Any CPU.ActiveCfg = Release|Any CPU
		{5AE388B1-7231-4333-8EB7-2D755FDD698A}.Release|Any CPU.Build.0 = Release|Any CPU
	EndGlobalSection
	GlobalSection(SolutionProperties) = preSolution
		HideSolutionNode = FALSE
	EndGlobalSection
	GlobalSection(ExtensibilityGlobals) = postSolution
		SolutionGuid = {D025297E-B176-4307-A190-4C50795713D8}
	EndGlobalSection
EndGlobal
